
Microsoft Visual Studio Solution File, Format Version 12.00
# Visual Studio Version 17
VisualStudioVersion = 17.0.31903.59
MinimumVisualStudioVersion = 10.0.40219.1
Project("{FAE04EC0-301F-11D3-BF4B-00C04F79EFBC}") = "BwappWebDriver", "Bwapp\Bwapp\BwappWebDriver.csproj", "{27A429CE-BCA5-B9BA-5293-DF310F8E6366}"
EndProject
Project("{FAE04EC0-301F-11D3-BF4B-00C04F79EFBC}") = "Wikipedia.BehaviorDrivenDevelopment", "Wikipedia.BehaviorDrivenDevelopment\Wikipedia.BehaviorDrivenDevelopment.csproj", "{CA7999BB-31BA-4DB4-A4F8-70EDB21351EE}"
EndProject
Global
	GlobalSection(SolutionConfigurationPlatforms) = preSolution
		Debug|Any CPU = Debug|Any CPU
		Release|Any CPU = Release|Any CPU
	EndGlobalSection
	GlobalSection(ProjectConfigurationPlatforms) = postSolution
		{27A429CE-BCA5-B9BA-5293-DF310F8E6366}.Debug|Any CPU.ActiveCfg = Debug|Any CPU
		{27A429CE-BCA5-B9BA-5293-DF310F8E6366}.Debug|Any CPU.Build.0 = Debug|Any CPU
		{27A429CE-BCA5-B9BA-5293-DF310F8E6366}.Release|Any CPU.ActiveCfg = Release|Any CPU
		{27A429CE-BCA5-B9BA-5293-DF310F8E6366}.Release|Any CPU.Build.0 = Release|Any CPU
		{CA7999BB-31BA-4DB4-A4F8-70EDB21351EE}.Debug|Any CPU.ActiveCfg = Debug|Any CPU
		{CA7999BB-31BA-4DB4-A4F8-70EDB21351EE}.Debug|Any CPU.Build.0 = Debug|Any CPU
		{CA7999BB-31BA-4DB4-A4F8-70EDB21351EE}.Release|Any CPU.ActiveCfg = Release|Any CPU
		{CA7999BB-31BA-4DB4-A4F8-70EDB21351EE}.Release|Any CPU.Build.0 = Release|Any CPU
	EndGlobalSection
	GlobalSection(SolutionProperties) = preSolution
		HideSolutionNode = FALSE
	EndGlobalSection
	GlobalSection(ExtensibilityGlobals) = postSolution
		SolutionGuid = {EF1404D8-E49F-418C-B3AA-7E9159AC87A4}
	EndGlobalSection
EndGlobal
